// !$*UTF8*$!
{
	archiveVersion = 1;
	classes = {
	};
	objectVersion = 46;
	objects = {

/* Begin PBXBuildFile section */
		0328E6EE1AA73D8800A3E04A /* Weapon.m in Sources */ = {isa = PBXBuildFile; fileRef = 0328E6ED1AA73D8800A3E04A /* Weapon.m */; };
		0328E6F11AA73DC300A3E04A /* Armor.m in Sources */ = {isa = PBXBuildFile; fileRef = 0328E6F01AA73DC300A3E04A /* Armor.m */; };
		0328E6F71AA740D400A3E04A /* GGCharacter.m in Sources */ = {isa = PBXBuildFile; fileRef = 0328E6F61AA740D400A3E04A /* GGCharacter.m */; };
		03E378EE1AA31DEB0057E11F /* antarctic.jpg in Resources */ = {isa = PBXBuildFile; fileRef = 03E378E21AA31DEB0057E11F /* antarctic.jpg */; };
		03E378EF1AA31DEB0057E11F /* beach.jpg in Resources */ = {isa = PBXBuildFile; fileRef = 03E378E31AA31DEB0057E11F /* beach.jpg */; };
		03E378F01AA31DEB0057E11F /* field.jpg in Resources */ = {isa = PBXBuildFile; fileRef = 03E378E41AA31DEB0057E11F /* field.jpg */; };
		03E378F11AA31DEB0057E11F /* forest.jpg in Resources */ = {isa = PBXBuildFile; fileRef = 03E378E51AA31DEB0057E11F /* forest.jpg */; };
		03E378F21AA31DEB0057E11F /* galaxy.jpg in Resources */ = {isa = PBXBuildFile; fileRef = 03E378E61AA31DEB0057E11F /* galaxy.jpg */; };
		03E378F31AA31DEB0057E11F /* galaxy2.jpg in Resources */ = {isa = PBXBuildFile; fileRef = 03E378E71AA31DEB0057E11F /* galaxy2.jpg */; };
		03E378F41AA31DEB0057E11F /* loch.jpg in Resources */ = {isa = PBXBuildFile; fileRef = 03E378E81AA31DEB0057E11F /* loch.jpg */; };
		03E378F51AA31DEB0057E11F /* mountain.jpg in Resources */ = {isa = PBXBuildFile; fileRef = 03E378E91AA31DEB0057E11F /* mountain.jpg */; };
		03E378F61AA31DEB0057E11F /* plains.jpg in Resources */ = {isa = PBXBuildFile; fileRef = 03E378EA1AA31DEB0057E11F /* plains.jpg */; };
		03E378F71AA31DEB0057E11F /* saltflat.jpg in Resources */ = {isa = PBXBuildFile; fileRef = 03E378EB1AA31DEB0057E11F /* saltflat.jpg */; };
		03E378F81AA31DEB0057E11F /* snowymountain.jpg in Resources */ = {isa = PBXBuildFile; fileRef = 03E378EC1AA31DEB0057E11F /* snowymountain.jpg */; };
		03E378F91AA31DEB0057E11F /* tundra.jpg in Resources */ = {isa = PBXBuildFile; fileRef = 03E378ED1AA31DEB0057E11F /* tundra.jpg */; };
		03E378FB1AA31EA00057E11F /* swamp.jpg in Resources */ = {isa = PBXBuildFile; fileRef = 03E378FA1AA31EA00057E11F /* swamp.jpg */; };
		FE2EBC7F1A0DDE3F00A7B553 /* Factory.m in Sources */ = {isa = PBXBuildFile; fileRef = FE2EBC7E1A0DDE3F00A7B553 /* Factory.m */; };
		FE3CC3F61AAB4C8D00349222 /* GGBoss.m in Sources */ = {isa = PBXBuildFile; fileRef = FE3CC3F51AAB4C8D00349222 /* GGBoss.m */; };
		FE3FA2E71A067B9A00118567 /* main.m in Sources */ = {isa = PBXBuildFile; fileRef = FE3FA2E61A067B9A00118567 /* main.m */; };
		FE3FA2EA1A067B9A00118567 /* AppDelegate.m in Sources */ = {isa = PBXBuildFile; fileRef = FE3FA2E91A067B9A00118567 /* AppDelegate.m */; };
		FE3FA2ED1A067B9A00118567 /* ViewController.m in Sources */ = {isa = PBXBuildFile; fileRef = FE3FA2EC1A067B9A00118567 /* ViewController.m */; };
		FE3FA2F01A067B9A00118567 /* Main.storyboard in Resources */ = {isa = PBXBuildFile; fileRef = FE3FA2EE1A067B9A00118567 /* Main.storyboard */; };
		FE3FA2F21A067B9A00118567 /* Images.xcassets in Resources */ = {isa = PBXBuildFile; fileRef = FE3FA2F11A067B9A00118567 /* Images.xcassets */; };
		FE3FA2F51A067B9A00118567 /* LaunchScreen.xib in Resources */ = {isa = PBXBuildFile; fileRef = FE3FA2F31A067B9A00118567 /* LaunchScreen.xib */; };
		FE3FA3011A067B9A00118567 /* Simple_Tile_Based_GameTests.m in Sources */ = {isa = PBXBuildFile; fileRef = FE3FA3001A067B9A00118567 /* Simple_Tile_Based_GameTests.m */; };
		FE3FA30B1A067CA500118567 /* galaxy.jpg in Resources */ = {isa = PBXBuildFile; fileRef = FE3FA30A1A067CA500118567 /* galaxy.jpg */; };
		FE3FA30F1A06841B00118567 /* stainless-steel.jpg in Resources */ = {isa = PBXBuildFile; fileRef = FE3FA30E1A06841B00118567 /* stainless-steel.jpg */; };
		FE7CA23D1A07838E00DF8414 /* Tile.m in Sources */ = {isa = PBXBuildFile; fileRef = FE7CA23C1A07838E00DF8414 /* Tile.m */; };
/* End PBXBuildFile section */

/* Begin PBXContainerItemProxy section */
		FE3FA2FB1A067B9A00118567 /* PBXContainerItemProxy */ = {
			isa = PBXContainerItemProxy;
			containerPortal = FE3FA2D91A067B9A00118567 /* Project object */;
			proxyType = 1;
			remoteGlobalIDString = FE3FA2E01A067B9A00118567;
			remoteInfo = "Simple Tile Based Game";
		};
/* End PBXContainerItemProxy section */

/* Begin PBXFileReference section */
		0328E6EC1AA73D8800A3E04A /* Weapon.h */ = {isa = PBXFileReference; fileEncoding = 4; lastKnownFileType = sourcecode.c.h; path = Weapon.h; sourceTree = "<group>"; };
		0328E6ED1AA73D8800A3E04A /* Weapon.m */ = {isa = PBXFileReference; fileEncoding = 4; lastKnownFileType = sourcecode.c.objc; path = Weapon.m; sourceTree = "<group>"; };
		0328E6EF1AA73DC300A3E04A /* Armor.h */ = {isa = PBXFileReference; fileEncoding = 4; lastKnownFileType = sourcecode.c.h; path = Armor.h; sourceTree = "<group>"; };
		0328E6F01AA73DC300A3E04A /* Armor.m */ = {isa = PBXFileReference; fileEncoding = 4; lastKnownFileType = sourcecode.c.objc; path = Armor.m; sourceTree = "<group>"; };
		0328E6F51AA740D400A3E04A /* GGCharacter.h */ = {isa = PBXFileReference; fileEncoding = 4; lastKnownFileType = sourcecode.c.h; name = GGCharacter.h; path = ../GGCharacter.h; sourceTree = "<group>"; };
		0328E6F61AA740D400A3E04A /* GGCharacter.m */ = {isa = PBXFileReference; fileEncoding = 4; lastKnownFileType = sourcecode.c.objc; name = GGCharacter.m; path = ../GGCharacter.m; sourceTree = "<group>"; };
		03E378E21AA31DEB0057E11F /* antarctic.jpg */ = {isa = PBXFileReference; lastKnownFileType = image.jpeg; path = antarctic.jpg; sourceTree = "<group>"; };
		03E378E31AA31DEB0057E11F /* beach.jpg */ = {isa = PBXFileReference; lastKnownFileType = image.jpeg; path = beach.jpg; sourceTree = "<group>"; };
		03E378E41AA31DEB0057E11F /* field.jpg */ = {isa = PBXFileReference; lastKnownFileType = image.jpeg; path = field.jpg; sourceTree = "<group>"; };
		03E378E51AA31DEB0057E11F /* forest.jpg */ = {isa = PBXFileReference; lastKnownFileType = image.jpeg; path = forest.jpg; sourceTree = "<group>"; };
		03E378E61AA31DEB0057E11F /* galaxy.jpg */ = {isa = PBXFileReference; lastKnownFileType = image.jpeg; path = galaxy.jpg; sourceTree = "<group>"; };
		03E378E71AA31DEB0057E11F /* galaxy2.jpg */ = {isa = PBXFileReference; lastKnownFileType = image.jpeg; path = galaxy2.jpg; sourceTree = "<group>"; };
		03E378E81AA31DEB0057E11F /* loch.jpg */ = {isa = PBXFileReference; lastKnownFileType = image.jpeg; path = loch.jpg; sourceTree = "<group>"; };
		03E378E91AA31DEB0057E11F /* mountain.jpg */ = {isa = PBXFileReference; lastKnownFileType = image.jpeg; path = mountain.jpg; sourceTree = "<group>"; };
		03E378EA1AA31DEB0057E11F /* plains.jpg */ = {isa = PBXFileReference; lastKnownFileType = image.jpeg; path = plains.jpg; sourceTree = "<group>"; };
		03E378EB1AA31DEB0057E11F /* saltflat.jpg */ = {isa = PBXFileReference; lastKnownFileType = image.jpeg; path = saltflat.jpg; sourceTree = "<group>"; };
		03E378EC1AA31DEB0057E11F /* snowymountain.jpg */ = {isa = PBXFileReference; lastKnownFileType = image.jpeg; path = snowymountain.jpg; sourceTree = "<group>"; };
		03E378ED1AA31DEB0057E11F /* tundra.jpg */ = {isa = PBXFileReference; lastKnownFileType = image.jpeg; path = tundra.jpg; sourceTree = "<group>"; };
		03E378FA1AA31EA00057E11F /* swamp.jpg */ = {isa = PBXFileReference; lastKnownFileType = image.jpeg; path = swamp.jpg; sourceTree = "<group>"; };
		FE2EBC7D1A0DDE3F00A7B553 /* Factory.h */ = {isa = PBXFileReference; fileEncoding = 4; lastKnownFileType = sourcecode.c.h; path = Factory.h; sourceTree = "<group>"; };
		FE2EBC7E1A0DDE3F00A7B553 /* Factory.m */ = {isa = PBXFileReference; fileEncoding = 4; lastKnownFileType = sourcecode.c.objc; path = Factory.m; sourceTree = "<group>"; };
		FE3CC3F41AAB4C8D00349222 /* GGBoss.h */ = {isa = PBXFileReference; fileEncoding = 4; lastKnownFileType = sourcecode.c.h; path = GGBoss.h; sourceTree = "<group>"; };
		FE3CC3F51AAB4C8D00349222 /* GGBoss.m */ = {isa = PBXFileReference; fileEncoding = 4; lastKnownFileType = sourcecode.c.objc; path = GGBoss.m; sourceTree = "<group>"; };
		FE3FA2E11A067B9A00118567 /* Simple Tile Based Game.app */ = {isa = PBXFileReference; explicitFileType = wrapper.application; includeInIndex = 0; path = "Simple Tile Based Game.app"; sourceTree = BUILT_PRODUCTS_DIR; };
		FE3FA2E51A067B9A00118567 /* Info.plist */ = {isa = PBXFileReference; lastKnownFileType = text.plist.xml; path = Info.plist; sourceTree = "<group>"; };
		FE3FA2E61A067B9A00118567 /* main.m */ = {isa = PBXFileReference; lastKnownFileType = sourcecode.c.objc; path = main.m; sourceTree = "<group>"; };
		FE3FA2E81A067B9A00118567 /* AppDelegate.h */ = {isa = PBXFileReference; lastKnownFileType = sourcecode.c.h; path = AppDelegate.h; sourceTree = "<group>"; };
		FE3FA2E91A067B9A00118567 /* AppDelegate.m */ = {isa = PBXFileReference; lastKnownFileType = sourcecode.c.objc; path = AppDelegate.m; sourceTree = "<group>"; };
		FE3FA2EB1A067B9A00118567 /* ViewController.h */ = {isa = PBXFileReference; lastKnownFileType = sourcecode.c.h; path = ViewController.h; sourceTree = "<group>"; };
		FE3FA2EC1A067B9A00118567 /* ViewController.m */ = {isa = PBXFileReference; lastKnownFileType = sourcecode.c.objc; path = ViewController.m; sourceTree = "<group>"; };
		FE3FA2EF1A067B9A00118567 /* Base */ = {isa = PBXFileReference; lastKnownFileType = file.storyboard; name = Base; path = Base.lproj/Main.storyboard; sourceTree = "<group>"; };
		FE3FA2F11A067B9A00118567 /* Images.xcassets */ = {isa = PBXFileReference; lastKnownFileType = folder.assetcatalog; path = Images.xcassets; sourceTree = "<group>"; };
		FE3FA2F41A067B9A00118567 /* Base */ = {isa = PBXFileReference; lastKnownFileType = file.xib; name = Base; path = Base.lproj/LaunchScreen.xib; sourceTree = "<group>"; };
		FE3FA2FA1A067B9A00118567 /* Simple Tile Based GameTests.xctest */ = {isa = PBXFileReference; explicitFileType = wrapper.cfbundle; includeInIndex = 0; path = "Simple Tile Based GameTests.xctest"; sourceTree = BUILT_PRODUCTS_DIR; };
		FE3FA2FF1A067B9A00118567 /* Info.plist */ = {isa = PBXFileReference; lastKnownFileType = text.plist.xml; path = Info.plist; sourceTree = "<group>"; };
		FE3FA3001A067B9A00118567 /* Simple_Tile_Based_GameTests.m */ = {isa = PBXFileReference; lastKnownFileType = sourcecode.c.objc; path = Simple_Tile_Based_GameTests.m; sourceTree = "<group>"; };
		FE3FA30A1A067CA500118567 /* galaxy.jpg */ = {isa = PBXFileReference; lastKnownFileType = image.jpeg; name = galaxy.jpg; path = ../../../../Desktop/galaxy.jpg; sourceTree = "<group>"; };
		FE3FA30E1A06841B00118567 /* stainless-steel.jpg */ = {isa = PBXFileReference; lastKnownFileType = image.jpeg; name = "stainless-steel.jpg"; path = "../../../../Desktop/stainless-steel.jpg"; sourceTree = "<group>"; };
		FE7CA23B1A07838E00DF8414 /* Tile.h */ = {isa = PBXFileReference; fileEncoding = 4; lastKnownFileType = sourcecode.c.h; path = Tile.h; sourceTree = "<group>"; };
		FE7CA23C1A07838E00DF8414 /* Tile.m */ = {isa = PBXFileReference; fileEncoding = 4; lastKnownFileType = sourcecode.c.objc; path = Tile.m; sourceTree = "<group>"; };
/* End PBXFileReference section */

/* Begin PBXFrameworksBuildPhase section */
		FE3FA2DE1A067B9A00118567 /* Frameworks */ = {
			isa = PBXFrameworksBuildPhase;
			buildActionMask = 2147483647;
			files = (
			);
			runOnlyForDeploymentPostprocessing = 0;
		};
		FE3FA2F71A067B9A00118567 /* Frameworks */ = {
			isa = PBXFrameworksBuildPhase;
			buildActionMask = 2147483647;
			files = (
			);
			runOnlyForDeploymentPostprocessing = 0;
		};
/* End PBXFrameworksBuildPhase section */

/* Begin PBXGroup section */
		03B2FD481A9A07E300FC790F /* ImagesForBackground */ = {
			isa = PBXGroup;
			children = (
				03E378FA1AA31EA00057E11F /* swamp.jpg */,
				03E378E21AA31DEB0057E11F /* antarctic.jpg */,
				03E378E31AA31DEB0057E11F /* beach.jpg */,
				03E378E41AA31DEB0057E11F /* field.jpg */,
				03E378E51AA31DEB0057E11F /* forest.jpg */,
				03E378E61AA31DEB0057E11F /* galaxy.jpg */,
				03E378E71AA31DEB0057E11F /* galaxy2.jpg */,
				03E378E81AA31DEB0057E11F /* loch.jpg */,
				03E378E91AA31DEB0057E11F /* mountain.jpg */,
				03E378EA1AA31DEB0057E11F /* plains.jpg */,
				03E378EB1AA31DEB0057E11F /* saltflat.jpg */,
				03E378EC1AA31DEB0057E11F /* snowymountain.jpg */,
				03E378ED1AA31DEB0057E11F /* tundra.jpg */,
			);
			name = ImagesForBackground;
			sourceTree = "<group>";
		};
		FE2EBC801A0DDE7F00A7B553 /* Factory */ = {
			isa = PBXGroup;
			children = (
				FE2EBC7D1A0DDE3F00A7B553 /* Factory.h */,
				FE2EBC7E1A0DDE3F00A7B553 /* Factory.m */,
			);
			name = Factory;
			sourceTree = "<group>";
		};
		FE3FA2D81A067B9A00118567 = {
			isa = PBXGroup;
			children = (
				FE3FA2E31A067B9A00118567 /* Simple Tile Based Game */,
				FE3FA2FD1A067B9A00118567 /* Simple Tile Based GameTests */,
				FE3FA2E21A067B9A00118567 /* Products */,
			);
			sourceTree = "<group>";
		};
		FE3FA2E21A067B9A00118567 /* Products */ = {
			isa = PBXGroup;
			children = (
				FE3FA2E11A067B9A00118567 /* Simple Tile Based Game.app */,
				FE3FA2FA1A067B9A00118567 /* Simple Tile Based GameTests.xctest */,
			);
			name = Products;
			sourceTree = "<group>";
		};
		FE3FA2E31A067B9A00118567 /* Simple Tile Based Game */ = {
			isa = PBXGroup;
			children = (
				FE3FA2E81A067B9A00118567 /* AppDelegate.h */,
				FE3FA2E91A067B9A00118567 /* AppDelegate.m */,
				FE3FA2EB1A067B9A00118567 /* ViewController.h */,
				FE3FA2EC1A067B9A00118567 /* ViewController.m */,
				FE7CA23A1A07833100DF8414 /* Model */,
				FE3FA2EE1A067B9A00118567 /* Main.storyboard */,
				FE3FA2F11A067B9A00118567 /* Images.xcassets */,
				FE3FA2F31A067B9A00118567 /* LaunchScreen.xib */,
				FE3FA2E41A067B9A00118567 /* Supporting Files */,
			);
			path = "Simple Tile Based Game";
			sourceTree = "<group>";
		};
		FE3FA2E41A067B9A00118567 /* Supporting Files */ = {
			isa = PBXGroup;
			children = (
				03B2FD481A9A07E300FC790F /* ImagesForBackground */,
				FE3FA30E1A06841B00118567 /* stainless-steel.jpg */,
				FE3FA30A1A067CA500118567 /* galaxy.jpg */,
				FE3FA2E51A067B9A00118567 /* Info.plist */,
				FE3FA2E61A067B9A00118567 /* main.m */,
			);
			name = "Supporting Files";
			sourceTree = "<group>";
		};
		FE3FA2FD1A067B9A00118567 /* Simple Tile Based GameTests */ = {
			isa = PBXGroup;
			children = (
				FE3FA3001A067B9A00118567 /* Simple_Tile_Based_GameTests.m */,
				FE3FA2FE1A067B9A00118567 /* Supporting Files */,
			);
			path = "Simple Tile Based GameTests";
			sourceTree = "<group>";
		};
		FE3FA2FE1A067B9A00118567 /* Supporting Files */ = {
			isa = PBXGroup;
			children = (
				FE3FA2FF1A067B9A00118567 /* Info.plist */,
			);
			name = "Supporting Files";
			sourceTree = "<group>";
		};
		FE7CA23A1A07833100DF8414 /* Model */ = {
			isa = PBXGroup;
			children = (
				FE2EBC801A0DDE7F00A7B553 /* Factory */,
				FE7CA23B1A07838E00DF8414 /* Tile.h */,
				FE7CA23C1A07838E00DF8414 /* Tile.m */,
				0328E6EC1AA73D8800A3E04A /* Weapon.h */,
				0328E6ED1AA73D8800A3E04A /* Weapon.m */,
				0328E6EF1AA73DC300A3E04A /* Armor.h */,
				0328E6F01AA73DC300A3E04A /* Armor.m */,
				0328E6F51AA740D400A3E04A /* GGCharacter.h */,
				0328E6F61AA740D400A3E04A /* GGCharacter.m */,
				FE3CC3F41AAB4C8D00349222 /* GGBoss.h */,
				FE3CC3F51AAB4C8D00349222 /* GGBoss.m */,
			);
			name = Model;
			sourceTree = "<group>";
		};
/* End PBXGroup section */

/* Begin PBXNativeTarget section */
		FE3FA2E01A067B9A00118567 /* Simple Tile Based Game */ = {
			isa = PBXNativeTarget;
			buildConfigurationList = FE3FA3041A067B9A00118567 /* Build configuration list for PBXNativeTarget "Simple Tile Based Game" */;
			buildPhases = (
				FE3FA2DD1A067B9A00118567 /* Sources */,
				FE3FA2DE1A067B9A00118567 /* Frameworks */,
				FE3FA2DF1A067B9A00118567 /* Resources */,
			);
			buildRules = (
			);
			dependencies = (
			);
			name = "Simple Tile Based Game";
			productName = "Simple Tile Based Game";
			productReference = FE3FA2E11A067B9A00118567 /* Simple Tile Based Game.app */;
			productType = "com.apple.product-type.application";
		};
		FE3FA2F91A067B9A00118567 /* Simple Tile Based GameTests */ = {
			isa = PBXNativeTarget;
			buildConfigurationList = FE3FA3071A067B9A00118567 /* Build configuration list for PBXNativeTarget "Simple Tile Based GameTests" */;
			buildPhases = (
				FE3FA2F61A067B9A00118567 /* Sources */,
				FE3FA2F71A067B9A00118567 /* Frameworks */,
				FE3FA2F81A067B9A00118567 /* Resources */,
			);
			buildRules = (
			);
			dependencies = (
				FE3FA2FC1A067B9A00118567 /* PBXTargetDependency */,
			);
			name = "Simple Tile Based GameTests";
			productName = "Simple Tile Based GameTests";
			productReference = FE3FA2FA1A067B9A00118567 /* Simple Tile Based GameTests.xctest */;
			productType = "com.apple.product-type.bundle.unit-test";
		};
/* End PBXNativeTarget section */

/* Begin PBXProject section */
		FE3FA2D91A067B9A00118567 /* Project object */ = {
			isa = PBXProject;
			attributes = {
				LastUpgradeCheck = 0610;
				ORGANIZATIONNAME = Protocol;
				TargetAttributes = {
					FE3FA2E01A067B9A00118567 = {
						CreatedOnToolsVersion = 6.1;
					};
					FE3FA2F91A067B9A00118567 = {
						CreatedOnToolsVersion = 6.1;
						TestTargetID = FE3FA2E01A067B9A00118567;
					};
				};
			};
			buildConfigurationList = FE3FA2DC1A067B9A00118567 /* Build configuration list for PBXProject "Simple Tile Based Game" */;
			compatibilityVersion = "Xcode 3.2";
			developmentRegion = English;
			hasScannedForEncodings = 0;
			knownRegions = (
				en,
				Base,
			);
			mainGroup = FE3FA2D81A067B9A00118567;
			productRefGroup = FE3FA2E21A067B9A00118567 /* Products */;
			projectDirPath = "";
			projectRoot = "";
			targets = (
				FE3FA2E01A067B9A00118567 /* Simple Tile Based Game */,
				FE3FA2F91A067B9A00118567 /* Simple Tile Based GameTests */,
			);
		};
/* End PBXProject section */

/* Begin PBXResourcesBuildPhase section */
		FE3FA2DF1A067B9A00118567 /* Resources */ = {
			isa = PBXResourcesBuildPhase;
			buildActionMask = 2147483647;
			files = (
				03E378F11AA31DEB0057E11F /* forest.jpg in Resources */,
				03E378F91AA31DEB0057E11F /* tundra.jpg in Resources */,
				03E378F41AA31DEB0057E11F /* loch.jpg in Resources */,
				03E378F61AA31DEB0057E11F /* plains.jpg in Resources */,
				FE3FA30F1A06841B00118567 /* stainless-steel.jpg in Resources */,
				FE3FA2F01A067B9A00118567 /* Main.storyboard in Resources */,
				03E378F31AA31DEB0057E11F /* galaxy2.jpg in Resources */,
				03E378F51AA31DEB0057E11F /* mountain.jpg in Resources */,
				03E378F71AA31DEB0057E11F /* saltflat.jpg in Resources */,
				03E378F21AA31DEB0057E11F /* galaxy.jpg in Resources */,
				03E378FB1AA31EA00057E11F /* swamp.jpg in Resources */,
				FE3FA2F51A067B9A00118567 /* LaunchScreen.xib in Resources */,
				FE3FA2F21A067B9A00118567 /* Images.xcassets in Resources */,
				03E378F81AA31DEB0057E11F /* snowymountain.jpg in Resources */,
				03E378F01AA31DEB0057E11F /* field.jpg in Resources */,
				FE3FA30B1A067CA500118567 /* galaxy.jpg in Resources */,
				03E378EF1AA31DEB0057E11F /* beach.jpg in Resources */,
				03E378EE1AA31DEB0057E11F /* antarctic.jpg in Resources */,
			);
			runOnlyForDeploymentPostprocessing = 0;
		};
		FE3FA2F81A067B9A00118567 /* Resources */ = {
			isa = PBXResourcesBuildPhase;
			buildActionMask = 2147483647;
			files = (
			);
			runOnlyForDeploymentPostprocessing = 0;
		};
/* End PBXResourcesBuildPhase section */

/* Begin PBXSourcesBuildPhase section */
		FE3FA2DD1A067B9A00118567 /* Sources */ = {
			isa = PBXSourcesBuildPhase;
			buildActionMask = 2147483647;
			files = (
				0328E6F11AA73DC300A3E04A /* Armor.m in Sources */,
				FE2EBC7F1A0DDE3F00A7B553 /* Factory.m in Sources */,
				FE3FA2ED1A067B9A00118567 /* ViewController.m in Sources */,
				0328E6F71AA740D400A3E04A /* GGCharacter.m in Sources */,
				FE3FA2EA1A067B9A00118567 /* AppDelegate.m in Sources */,
				0328E6EE1AA73D8800A3E04A /* Weapon.m in Sources */,
				FE3FA2E71A067B9A00118567 /* main.m in Sources */,
				FE7CA23D1A07838E00DF8414 /* Tile.m in Sources */,
				FE3CC3F61AAB4C8D00349222 /* GGBoss.m in Sources */,
			);
			runOnlyForDeploymentPostprocessing = 0;
		};
		FE3FA2F61A067B9A00118567 /* Sources */ = {
			isa = PBXSourcesBuildPhase;
			buildActionMask = 2147483647;
			files = (
				FE3FA3011A067B9A00118567 /* Simple_Tile_Based_GameTests.m in Sources */,
			);
			runOnlyForDeploymentPostprocessing = 0;
		};
/* End PBXSourcesBuildPhase section */

/* Begin PBXTargetDependency section */
		FE3FA2FC1A067B9A00118567 /* PBXTargetDependency */ = {
			isa = PBXTargetDependency;
			target = FE3FA2E01A067B9A00118567 /* Simple Tile Based Game */;
			targetProxy = FE3FA2FB1A067B9A00118567 /* PBXContainerItemProxy */;
		};
/* End PBXTargetDependency section */

/* Begin PBXVariantGroup section */
		FE3FA2EE1A067B9A00118567 /* Main.storyboard */ = {
			isa = PBXVariantGroup;
			children = (
				FE3FA2EF1A067B9A00118567 /* Base */,
			);
			name = Main.storyboard;
			sourceTree = "<group>";
		};
		FE3FA2F31A067B9A00118567 /* LaunchScreen.xib */ = {
			isa = PBXVariantGroup;
			children = (
				FE3FA2F41A067B9A00118567 /* Base */,
			);
			name = LaunchScreen.xib;
			sourceTree = "<group>";
		};
/* End PBXVariantGroup section */

/* Begin XCBuildConfiguration section */
		FE3FA3021A067B9A00118567 /* Debug */ = {
			isa = XCBuildConfiguration;
			buildSettings = {
				ALWAYS_SEARCH_USER_PATHS = NO;
				CLANG_CXX_LANGUAGE_STANDARD = "gnu++0x";
				CLANG_CXX_LIBRARY = "libc++";
				CLANG_ENABLE_MODULES = YES;
				CLANG_ENABLE_OBJC_ARC = YES;
				CLANG_WARN_BOOL_CONVERSION = YES;
				CLANG_WARN_CONSTANT_CONVERSION = YES;
				CLANG_WARN_DIRECT_OBJC_ISA_USAGE = YES_ERROR;
				CLANG_WARN_EMPTY_BODY = YES;
				CLANG_WARN_ENUM_CONVERSION = YES;
				CLANG_WARN_INT_CONVERSION = YES;
				CLANG_WARN_OBJC_ROOT_CLASS = YES_ERROR;
				CLANG_WARN_UNREACHABLE_CODE = YES;
				CLANG_WARN__DUPLICATE_METHOD_MATCH = YES;
				"CODE_SIGN_IDENTITY[sdk=iphoneos*]" = "iPhone Developer";
				COPY_PHASE_STRIP = NO;
				ENABLE_STRICT_OBJC_MSGSEND = YES;
				GCC_C_LANGUAGE_STANDARD = gnu99;
				GCC_DYNAMIC_NO_PIC = NO;
				GCC_OPTIMIZATION_LEVEL = 0;
				GCC_PREPROCESSOR_DEFINITIONS = (
					"DEBUG=1",
					"$(inherited)",
				);
				GCC_SYMBOLS_PRIVATE_EXTERN = NO;
				GCC_WARN_64_TO_32_BIT_CONVERSION = YES;
				GCC_WARN_ABOUT_RETURN_TYPE = YES_ERROR;
				GCC_WARN_UNDECLARED_SELECTOR = YES;
				GCC_WARN_UNINITIALIZED_AUTOS = YES_AGGRESSIVE;
				GCC_WARN_UNUSED_FUNCTION = YES;
				GCC_WARN_UNUSED_VARIABLE = YES;
				IPHONEOS_DEPLOYMENT_TARGET = 8.1;
				MTL_ENABLE_DEBUG_INFO = YES;
				ONLY_ACTIVE_ARCH = YES;
				SDKROOT = iphoneos;
			};
			name = Debug;
		};
		FE3FA3031A067B9A00118567 /* Release */ = {
			isa = XCBuildConfiguration;
			buildSettings = {
				ALWAYS_SEARCH_USER_PATHS = NO;
				CLANG_CXX_LANGUAGE_STANDARD = "gnu++0x";
				CLANG_CXX_LIBRARY = "libc++";
				CLANG_ENABLE_MODULES = YES;
				CLANG_ENABLE_OBJC_ARC = YES;
				CLANG_WARN_BOOL_CONVERSION = YES;
				CLANG_WARN_CONSTANT_CONVERSION = YES;
				CLANG_WARN_DIRECT_OBJC_ISA_USAGE = YES_ERROR;
				CLANG_WARN_EMPTY_BODY = YES;
				CLANG_WARN_ENUM_CONVERSION = YES;
				CLANG_WARN_INT_CONVERSION = YES;
				CLANG_WARN_OBJC_ROOT_CLASS = YES_ERROR;
				CLANG_WARN_UNREACHABLE_CODE = YES;
				CLANG_WARN__DUPLICATE_METHOD_MATCH = YES;
				"CODE_SIGN_IDENTITY[sdk=iphoneos*]" = "iPhone Developer";
				COPY_PHASE_STRIP = YES;
				ENABLE_NS_ASSERTIONS = NO;
				ENABLE_STRICT_OBJC_MSGSEND = YES;
				GCC_C_LANGUAGE_STANDARD = gnu99;
				GCC_WARN_64_TO_32_BIT_CONVERSION = YES;
				GCC_WARN_ABOUT_RETURN_TYPE = YES_ERROR;
				GCC_WARN_UNDECLARED_SELECTOR = YES;
				GCC_WARN_UNINITIALIZED_AUTOS = YES_AGGRESSIVE;
				GCC_WARN_UNUSED_FUNCTION = YES;
				GCC_WARN_UNUSED_VARIABLE = YES;
				IPHONEOS_DEPLOYMENT_TARGET = 8.1;
				MTL_ENABLE_DEBUG_INFO = NO;
				SDKROOT = iphoneos;
				VALIDATE_PRODUCT = YES;
			};
			name = Release;
		};
		FE3FA3051A067B9A00118567 /* Debug */ = {
			isa = XCBuildConfiguration;
			buildSettings = {
				ASSETCATALOG_COMPILER_APPICON_NAME = AppIcon;
				INFOPLIST_FILE = "Simple Tile Based Game/Info.plist";
				LD_RUNPATH_SEARCH_PATHS = "$(inherited) @executable_path/Frameworks";
				PRODUCT_NAME = "$(TARGET_NAME)";
			};
			name = Debug;
		};
		FE3FA3061A067B9A00118567 /* Release */ = {
			isa = XCBuildConfiguration;
			buildSettings = {
				ASSETCATALOG_COMPILER_APPICON_NAME = AppIcon;
				INFOPLIST_FILE = "Simple Tile Based Game/Info.plist";
				LD_RUNPATH_SEARCH_PATHS = "$(inherited) @executable_path/Frameworks";
				PRODUCT_NAME = "$(TARGET_NAME)";
			};
			name = Release;
		};
		FE3FA3081A067B9A00118567 /* Debug */ = {
			isa = XCBuildConfiguration;
			buildSettings = {
				BUNDLE_LOADER = "$(TEST_HOST)";
				FRAMEWORK_SEARCH_PATHS = (
					"$(SDKROOT)/Developer/Library/Frameworks",
					"$(inherited)",
				);
				GCC_PREPROCESSOR_DEFINITIONS = (
					"DEBUG=1",
					"$(inherited)",
				);
				INFOPLIST_FILE = "Simple Tile Based GameTests/Info.plist";
				LD_RUNPATH_SEARCH_PATHS = "$(inherited) @executable_path/Frameworks @loader_path/Frameworks";
				PRODUCT_NAME = "$(TARGET_NAME)";
				TEST_HOST = "$(BUILT_PRODUCTS_DIR)/Simple Tile Based Game.app/Simple Tile Based Game";
			};
			name = Debug;
		};
		FE3FA3091A067B9A00118567 /* Release */ = {
			isa = XCBuildConfiguration;
			buildSettings = {
				BUNDLE_LOADER = "$(TEST_HOST)";
				FRAMEWORK_SEARCH_PATHS = (
					"$(SDKROOT)/Developer/Library/Frameworks",
					"$(inherited)",
				);
				INFOPLIST_FILE = "Simple Tile Based GameTests/Info.plist";
				LD_RUNPATH_SEARCH_PATHS = "$(inherited) @executable_path/Frameworks @loader_path/Frameworks";
				PRODUCT_NAME = "$(TARGET_NAME)";
				TEST_HOST = "$(BUILT_PRODUCTS_DIR)/Simple Tile Based Game.app/Simple Tile Based Game";
			};
			name = Release;
		};
/* End XCBuildConfiguration section */

/* Begin XCConfigurationList section */
		FE3FA2DC1A067B9A00118567 /* Build configuration list for PBXProject "Simple Tile Based Game" */ = {
			isa = XCConfigurationList;
			buildConfigurations = (
				FE3FA3021A067B9A00118567 /* Debug */,
				FE3FA3031A067B9A00118567 /* Release */,
			);
			defaultConfigurationIsVisible = 0;
			defaultConfigurationName = Release;
		};
		FE3FA3041A067B9A00118567 /* Build configuration list for PBXNativeTarget "Simple Tile Based Game" */ = {
			isa = XCConfigurationList;
			buildConfigurations = (
				FE3FA3051A067B9A00118567 /* Debug */,
				FE3FA3061A067B9A00118567 /* Release */,
			);
			defaultConfigurationIsVisible = 0;
			defaultConfigurationName = Release;
		};
		FE3FA3071A067B9A00118567 /* Build configuration list for PBXNativeTarget "Simple Tile Based GameTests" */ = {
			isa = XCConfigurationList;
			buildConfigurations = (
				FE3FA3081A067B9A00118567 /* Debug */,
				FE3FA3091A067B9A00118567 /* Release */,
			);
			defaultConfigurationIsVisible = 0;
			defaultConfigurationName = Release;
		};
/* End XCConfigurationList section */
	};
	rootObject = FE3FA2D91A067B9A00118567 /* Project object */;
}
